{
  "name": "@journeyos/client",
  "version": "0.1.0",
  "lockfileVersion": 3,
  "requires": true,
  "packages": {
    "": {
      "name": "@journeyos/client",
      "version": "0.1.0",
      "dependencies": {
        "@vocalbridgeai/react": "latest",
        "@vocalbridgeai/sdk": "latest",
        "lucide-react": "^0.468.0",
        "react": "^18.3.1",
        "react-dom": "^18.3.1"
      },
      "devDependencies": {
        "@types/react": "^18.3.18",
        "@types/react-dom": "^18.3.5",
        "@vitejs/plugin-react": "^4.3.4",
        "autoprefixer": "^10.4.20",
        "postcss": "^8.5.1",
        "tailwindcss": "^3.4.17",
        "typescript": "^5.7.3",
        "vite": "^6.0.7"
      }
    },
    "../node_modules/.pnpm/@types+react-dom@18.3.7_@types+react@18.3.31/node_modules/@types/react-dom": {
      "version": "18.3.7",
      "dev": true,
      "license": "MIT",
      "peerDependencies": {
        "@types/react": "^18.0.0"
      }
    },
    "../node_modules/.pnpm/@types+react@18.3.31/node_modules/@types/react": {
      "version": "18.3.31",
      "dev": true,
      "license": "MIT",
      "dependencies": {
        "@types/prop-types": "*",
        "csstype": "^3.2.2"
      }
    },
    "../node_modules/.pnpm/@vitejs+plugin-react@4.7.0_vite@6.4.3_@types+node@22.20.1_jiti@1.21.7_tsx@4.23.1_/node_modules/@vitejs/plugin-react": {
      "version": "4.7.0",
      "dev": true,
      "license": "MIT",
      "dependencies": {
        "@babel/core": "^7.28.0",
        "@babel/plugin-transform-react-jsx-self": "^7.27.1",
        "@babel/plugin-transform-react-jsx-source": "^7.27.1",
        "@rolldown/pluginutils": "1.0.0-beta.27",
        "@types/babel__core": "^7.20.5",
        "react-refresh": "^0.17.0"
      },
      "devDependencies": {
        "@vitejs/react-common": "workspace:*",
        "babel-plugin-react-compiler": "19.1.0-rc.2",
        "react": "^19.1.0",
        "react-dom": "^19.1.0",
        "rolldown": "1.0.0-beta.27",
        "tsdown": "^0.12.9",
        "vitest": "^3.2.4"
      },
      "engines": {
        "node": "^14.18.0 || >=16.0.0"
      },
      "peerDependencies": {
        "vite": "^4.2.0 || ^5.0.0 || ^6.0.0 || ^7.0.0"
      }
    },
    "../node_modules/.pnpm/autoprefixer@10.5.3_postcss@8.5.19/node_modules/autoprefixer": {
      "version": "10.5.3",
      "dev": true,
      "funding": [
        {
          "type": "opencollective",
          "url": "https://opencollective.com/postcss/"
        },
        {
          "type": "tidelift",
          "url": "https://tidelift.com/funding/github/npm/autoprefixer"
        },
        {
          "type": "github",
          "url": "https://github.com/sponsors/ai"
        }
      ],
      "license": "MIT",
      "dependencies": {
        "browserslist": "^4.28.6",
        "caniuse-lite": "^1.0.30001805",
        "fraction.js": "^5.3.4",
        "picocolors": "^1.1.1",
        "postcss-value-parser": "^4.2.0"
      },
      "bin": {
        "autoprefixer": "bin/autoprefixer"
      },
      "engines": {
        "node": "^10 || ^12 || >=14"
      },
      "peerDependencies": {
        "postcss": "^8.1.0"
      }
    },
    "../node_modules/.pnpm/lucide-react@0.468.0_react@18.3.1/node_modules/lucide-react": {
      "version": "0.468.0",
      "license": "ISC",
      "devDependencies": {
        "@lucide/build-icons": "1.1.0",
        "@lucide/rollup-plugins": "1.0.0",
        "@lucide/shared": "1.0.0",
        "@testing-library/jest-dom": "^6.1.6",
        "@testing-library/react": "^14.1.2",
        "@types/react": "^18.2.37",
        "@vitejs/plugin-react": "^4.2.1",
        "jest-serializer-html": "^7.1.0",
        "react": "18.2.0",
        "react-dom": "18.2.0",
        "rollup": "^4.22.4",
        "rollup-plugin-dts": "^6.1.0",
        "typescript": "^4.9.5",
        "vite": "5.1.8",
        "vitest": "^1.1.1"
      },
      "peerDependencies": {
        "react": "^16.5.1 || ^17.0.0 || ^18.0.0 || ^19.0.0-rc"
      }
    },
    "../node_modules/.pnpm/postcss@8.5.19/node_modules/postcss": {
      "version": "8.5.19",
      "dev": true,
      "funding": [
        {
          "type": "opencollective",
          "url": "https://opencollective.com/postcss/"
        },
        {
          "type": "tidelift",
          "url": "https://tidelift.com/funding/github/npm/postcss"
        },
        {
          "type": "github",
          "url": "https://github.com/sponsors/ai"
        }
      ],
      "license": "MIT",
      "dependencies": {
        "nanoid": "^3.3.12",
        "picocolors": "^1.1.1",
        "source-map-js": "^1.2.1"
      },
      "engines": {
        "node": "^10 || ^12 || >=14"
      }
    },
    "../node_modules/.pnpm/react-dom@18.3.1_react@18.3.1/node_modules/react-dom": {
      "version": "18.3.1",
      "license": "MIT",
      "dependencies": {
        "loose-envify": "^1.1.0",
        "scheduler": "^0.23.2"
      },
      "peerDependencies": {
        "react": "^18.3.1"
      }
    },
    "../node_modules/.pnpm/react@18.3.1/node_modules/react": {
      "version": "18.3.1",
      "license": "MIT",
      "dependencies": {
        "loose-envify": "^1.1.0"
      },
      "engines": {
        "node": ">=0.10.0"
      }
    },
    "../node_modules/.pnpm/tailwindcss@3.4.19_tsx@4.23.1/node_modules/tailwindcss": {
      "version": "3.4.19",
      "dev": true,
      "license": "MIT",
      "dependencies": {
        "@alloc/quick-lru": "^5.2.0",
        "arg": "^5.0.2",
        "chokidar": "^3.6.0",
        "didyoumean": "^1.2.2",
        "dlv": "^1.1.3",
        "fast-glob": "^3.3.2",
        "glob-parent": "^6.0.2",
        "is-glob": "^4.0.3",
        "jiti": "^1.21.7",
        "lilconfig": "^3.1.3",
        "micromatch": "^4.0.8",
        "normalize-path": "^3.0.0",
        "object-hash": "^3.0.0",
        "picocolors": "^1.1.1",
        "postcss": "^8.4.47",
        "postcss-import": "^15.1.0",
        "postcss-js": "^4.0.1",
        "postcss-load-config": "^4.0.2 || ^5.0 || ^6.0",
        "postcss-nested": "^6.2.0",
        "postcss-selector-parser": "^6.1.2",
        "resolve": "^1.22.8",
        "sucrase": "^3.35.0"
      },
      "bin": {
        "tailwind": "lib/cli.js",
        "tailwindcss": "lib/cli.js"
      },
      "devDependencies": {
        "@swc/cli": "0.1.62",
        "@swc/core": "1.3.55",
        "@swc/jest": "0.2.26",
        "@swc/register": "0.1.10",
        "autoprefixer": "^10.4.20",
        "browserslist": "^4.24.0",
        "concurrently": "^8.2.2",
        "cssnano": "^6.1.2",
        "esbuild": "^0.24.0",
        "eslint": "^8.57.1",
        "eslint-config-prettier": "^8.10.0",
        "eslint-plugin-prettier": "^4.2.1",
        "jest": "^29.7.0",
        "jest-diff": "^29.7.0",
        "lightningcss": "1.27.0",
        "prettier": "^2.8.8",
        "rimraf": "^5.0.10",
        "source-map-js": "^1.2.1",
        "turbo": "^1.13.4"
      },
      "engines": {
        "node": ">=14.0.0"
      }
    },
    "../node_modules/.pnpm/typescript@5.9.3/node_modules/typescript": {
      "version": "5.9.3",
      "dev": true,
      "license": "Apache-2.0",
      "bin": {
        "tsc": "bin/tsc",
        "tsserver": "bin/tsserver"
      },
      "devDependencies": {
        "@dprint/formatter": "^0.4.1",
        "@dprint/typescript": "0.93.4",
        "@esfx/canceltoken": "^1.0.0",
        "@eslint/js": "^9.20.0",
        "@octokit/rest": "^21.1.1",
        "@types/chai": "^4.3.20",
        "@types/diff": "^7.0.1",
        "@types/minimist": "^1.2.5",
        "@types/mocha": "^10.0.10",
        "@types/ms": "^0.7.34",
        "@types/node": "latest",
        "@types/source-map-support": "^0.5.10",
        "@types/which": "^3.0.4",
        "@typescript-eslint/rule-tester": "^8.24.1",
        "@typescript-eslint/type-utils": "^8.24.1",
        "@typescript-eslint/utils": "^8.24.1",
        "azure-devops-node-api": "^14.1.0",
        "c8": "^10.1.3",
        "chai": "^4.5.0",
        "chokidar": "^4.0.3",
        "diff": "^7.0.0",
        "dprint": "^0.49.0",
        "esbuild": "^0.25.0",
        "eslint": "^9.20.1",
        "eslint-formatter-autolinkable-stylish": "^1.4.0",
        "eslint-plugin-regexp": "^2.7.0",
        "fast-xml-parser": "^4.5.2",
        "glob": "^10.4.5",
        "globals": "^15.15.0",
        "hereby": "^1.10.0",
        "jsonc-parser": "^3.3.1",
        "knip": "^5.44.4",
        "minimist": "^1.2.8",
        "mocha": "^10.8.2",
        "mocha-fivemat-progress-reporter": "^0.1.0",
        "monocart-coverage-reports": "^2.12.1",
        "ms": "^2.1.3",
        "picocolors": "^1.1.1",
        "playwright": "^1.50.1",
        "source-map-support": "^0.5.21",
        "tslib": "^2.8.1",
        "typescript": "^5.7.3",
        "typescript-eslint": "^8.24.1",
        "which": "^3.0.1"
      },
      "engines": {
        "node": ">=14.17"
      }
    },
    "../node_modules/.pnpm/vite@6.4.3_@types+node@22.20.1_jiti@1.21.7_tsx@4.23.1/node_modules/vite": {
      "version": "6.4.3",
      "dev": true,
      "license": "MIT",
      "dependencies": {
        "esbuild": "^0.25.0",
        "fdir": "^6.4.4",
        "picomatch": "^4.0.2",
        "postcss": "^8.5.3",
        "rollup": "^4.34.9",
        "tinyglobby": "^0.2.13"
      },
      "bin": {
        "vite": "bin/vite.js"
      },
      "devDependencies": {
        "@ampproject/remapping": "^2.3.0",
        "@babel/parser": "^7.27.0",
        "@jridgewell/trace-mapping": "^0.3.25",
        "@polka/compression": "^1.0.0-next.25",
        "@rollup/plugin-alias": "^5.1.1",
        "@rollup/plugin-commonjs": "^28.0.3",
        "@rollup/plugin-dynamic-import-vars": "2.1.4",
        "@rollup/plugin-json": "^6.1.0",
        "@rollup/plugin-node-resolve": "16.0.1",
        "@rollup/pluginutils": "^5.1.4",
        "@types/escape-html": "^1.0.4",
        "@types/pnpapi": "^0.0.5",
        "artichokie": "^0.3.1",
        "cac": "^6.7.14",
        "chokidar": "^3.6.0",
        "connect": "^3.7.0",
        "convert-source-map": "^2.0.0",
        "cors": "^2.8.5",
        "cross-spawn": "^7.0.6",
        "debug": "^4.4.0",
        "dep-types": "link:./src/types",
        "dotenv": "^16.5.0",
        "dotenv-expand": "^12.0.2",
        "es-module-lexer": "^1.6.0",
        "escape-html": "^1.0.3",
        "estree-walker": "^3.0.3",
        "etag": "^1.8.1",
        "http-proxy": "^1.18.1",
        "launch-editor-middleware": "^2.14.1",
        "lightningcss": "^1.29.3",
        "magic-string": "^0.30.17",
        "mlly": "^1.7.4",
        "mrmime": "^2.0.1",
        "nanoid": "^5.1.5",
        "open": "^10.1.1",
        "parse5": "^7.2.1",
        "pathe": "^2.0.3",
        "periscopic": "^4.0.2",
        "picocolors": "^1.1.1",
        "postcss-import": "^16.1.0",
        "postcss-load-config": "^6.0.1",
        "postcss-modules": "^6.0.1",
        "resolve.exports": "^2.0.3",
        "rollup-plugin-dts": "^6.2.1",
        "rollup-plugin-esbuild": "^6.2.1",
        "rollup-plugin-license": "^3.6.0",
        "sass": "^1.86.3",
        "sass-embedded": "^1.86.3",
        "sirv": "^3.0.2",
        "source-map-support": "^0.5.21",
        "strip-literal": "^3.0.0",
        "terser": "^5.39.0",
        "tsconfck": "^3.1.5",
        "tslib": "^2.8.1",
        "types": "link:./types",
        "ufo": "^1.6.1",
        "ws": "^8.18.1"
      },
      "engines": {
        "node": "^18.0.0 || ^20.0.0 || >=22.0.0"
      },
      "funding": {
        "url": "https://github.com/vitejs/vite?sponsor=1"
      },
      "optionalDependencies": {
        "fsevents": "~2.3.3"
      },
      "peerDependencies": {
        "@types/node": "^18.0.0 || ^20.0.0 || >=22.0.0",
        "jiti": ">=1.21.0",
        "less": "*",
        "lightningcss": "^1.21.0",
        "sass": "*",
        "sass-embedded": "*",
        "stylus": "*",
        "sugarss": "*",
        "terser": "^5.16.0",
        "tsx": "^4.8.1",
        "yaml": "^2.4.2"
      },
      "peerDependenciesMeta": {
        "@types/node": {
          "optional": true
        },
        "jiti": {
          "optional": true
        },
        "less": {
          "optional": true
        },
        "lightningcss": {
          "optional": true
        },
        "sass": {
          "optional": true
        },
        "sass-embedded": {
          "optional": true
        },
        "stylus": {
          "optional": true
        },
        "sugarss": {
          "optional": true
        },
        "terser": {
          "optional": true
        },
        "tsx": {
          "optional": true
        },
        "yaml": {
          "optional": true
        }
      }
    },
    "node_modules/@bufbuild/protobuf": {
      "version": "1.10.1",
      "resolved": "https://registry.npmjs.org/@bufbuild/protobuf/-/protobuf-1.10.1.tgz",
      "integrity": "sha512-wJ8ReQbHxsAfXhrf9ixl0aYbZorRuOWpBNzm8pL8ftmSxQx/wnJD5Eg861NwJU/czy2VXFIebCeZnZrI9rktIQ==",
      "license": "(Apache-2.0 AND BSD-3-Clause)"
    },
    "node_modules/@livekit/mutex": {
      "version": "1.1.1",
      "resolved": "https://registry.npmjs.org/@livekit/mutex/-/mutex-1.1.1.tgz",
      "integrity": "sha512-EsshAucklmpuUAfkABPxJNhzj9v2sG7JuzFDL4ML1oJQSV14sqrpTYnsaOudMAw9yOaW53NU3QQTlUQoRs4czw==",
      "license": "Apache-2.0"
    },
    "node_modules/@livekit/protocol": {
      "version": "1.46.6",
      "resolved": "https://registry.npmjs.org/@livekit/protocol/-/protocol-1.46.6.tgz",
      "integrity": "sha512-upzlHP1vi/kZ/QqALZTFskQ0ifqc2f15RKucHYOsIHJsaXvEYanG75mAb7o+Yomfs4XhQ4BaRsdY+TFHXpaqrg==",
      "license": "Apache-2.0",
      "dependencies": {
        "@bufbuild/protobuf": "^1.10.0"
      }
    },
    "node_modules/@types/dom-mediacapture-record": {
      "version": "1.0.22",
      "resolved": "https://registry.npmjs.org/@types/dom-mediacapture-record/-/dom-mediacapture-record-1.0.22.tgz",
      "integrity": "sha512-mUMZLK3NvwRLcAAT9qmcK+9p7tpU2FHdDsntR3YI4+GY88XrgG4XiE7u1Q2LAN2/FZOz/tdMDC3GQCR4T8nFuw==",
      "license": "MIT",
      "peer": true
    },
    "node_modules/@types/react": {
      "resolved": "../node_modules/.pnpm/@types+react@18.3.31/node_modules/@types/react",
      "link": true
    },
    "node_modules/@types/react-dom": {
      "resolved": "../node_modules/.pnpm/@types+react-dom@18.3.7_@types+react@18.3.31/node_modules/@types/react-dom",
      "link": true
    },
    "node_modules/@vitejs/plugin-react": {
      "resolved": "../node_modules/.pnpm/@vitejs+plugin-react@4.7.0_vite@6.4.3_@types+node@22.20.1_jiti@1.21.7_tsx@4.23.1_/node_modules/@vitejs/plugin-react",
      "link": true
    },
    "node_modules/@vocalbridgeai/react": {
      "version": "0.1.1",
      "resolved": "https://registry.npmjs.org/@vocalbridgeai/react/-/react-0.1.1.tgz",
      "integrity": "sha512-ssFsGhzq3zuPoSLHI6o6Ic8tYnQTy+PwsJkWBYOdYB31/EUL3v0WehLdAeSCH1NeoeolyReXw4nXXvvxin9G5Q==",
      "license": "Apache-2.0",
      "peerDependencies": {
        "@vocalbridgeai/sdk": ">=0.1.0",
        "react": ">=18.0.0"
      }
    },
    "node_modules/@vocalbridgeai/sdk": {
      "version": "0.1.1",
      "resolved": "https://registry.npmjs.org/@vocalbridgeai/sdk/-/sdk-0.1.1.tgz",
      "integrity": "sha512-FGuV/cv4S0npQ55QG2uxtU7dmbo6/KQzsnVBf2P9OOoJxjXjj0erMjHNbFv0bnBYd3+8S6W+y/f18q8nSa/stQ==",
      "license": "Apache-2.0",
      "dependencies": {
        "livekit-client": "^2.6.0"
      }
    },
    "node_modules/autoprefixer": {
      "resolved": "../node_modules/.pnpm/autoprefixer@10.5.3_postcss@8.5.19/node_modules/autoprefixer",
      "link": true
    },
    "node_modules/events": {
      "version": "3.3.0",
      "resolved": "https://registry.npmjs.org/events/-/events-3.3.0.tgz",
      "integrity": "sha512-mQw+2fkQbALzQ7V0MY0IqdnXNOeTtP4r0lN9z7AAawCXgqea7bDii20AYrIBrFd/Hx0M2Ocz6S111CaFkUcb0Q==",
      "license": "MIT",
      "engines": {
        "node": ">=0.8.x"
      }
    },
    "node_modules/jose": {
      "version": "6.2.3",
      "resolved": "https://registry.npmjs.org/jose/-/jose-6.2.3.tgz",
      "integrity": "sha512-YYVDInQKFJfR/xa3ojUTl8c2KoTwiL1R5Wg9YCydwH0x0B9grbzlg5HC7mMjCtUJjbQ/YnGEZIhI5tCgfTb4Hw==",
      "license": "MIT",
      "funding": {
        "url": "https://github.com/sponsors/panva"
      }
    },
    "node_modules/livekit-client": {
      "version": "2.20.1",
      "resolved": "https://registry.npmjs.org/livekit-client/-/livekit-client-2.20.1.tgz",
      "integrity": "sha512-JxooxLFMkdwqTo4XLer+DCij6S3//Z/GuHSjqdhlj94Vtbh1Eayd7Lyq47qkIE86+xVJhqxIdYnq53lg4oPH9w==",
      "license": "Apache-2.0",
      "dependencies": {
        "@livekit/mutex": "1.1.1",
        "@livekit/protocol": "1.46.6",
        "events": "^3.3.0",
        "jose": "^6.1.0",
        "loglevel": "^1.9.2",
        "sdp-transform": "^2.15.0",
        "tslib": "2.8.1",
        "typed-emitter": "^2.1.0",
        "webrtc-adapter": "9.0.6"
      },
      "peerDependencies": {
        "@types/dom-mediacapture-record": "^1"
      }
    },
    "node_modules/loglevel": {
      "version": "1.9.2",
      "resolved": "https://registry.npmjs.org/loglevel/-/loglevel-1.9.2.tgz",
      "integrity": "sha512-HgMmCqIJSAKqo68l0rS2AanEWfkxaZ5wNiEFb5ggm08lDs9Xl2KxBlX3PTcaD2chBM1gXAYf491/M2Rv8Jwayg==",
      "license": "MIT",
      "engines": {
        "node": ">= 0.6.0"
      },
      "funding": {
        "type": "tidelift",
        "url": "https://tidelift.com/funding/github/npm/loglevel"
      }
    },
    "node_modules/lucide-react": {
      "resolved": "../node_modules/.pnpm/lucide-react@0.468.0_react@18.3.1/node_modules/lucide-react",
      "link": true
    },
    "node_modules/postcss": {
      "resolved": "../node_modules/.pnpm/postcss@8.5.19/node_modules/postcss",
      "link": true
    },
    "node_modules/react": {
      "resolved": "../node_modules/.pnpm/react@18.3.1/node_modules/react",
      "link": true
    },
    "node_modules/react-dom": {
      "resolved": "../node_modules/.pnpm/react-dom@18.3.1_react@18.3.1/node_modules/react-dom",
      "link": true
    },
    "node_modules/rxjs": {
      "version": "7.8.2",
      "resolved": "https://registry.npmjs.org/rxjs/-/rxjs-7.8.2.tgz",
      "integrity": "sha512-dhKf903U/PQZY6boNNtAGdWbG85WAbjT/1xYoZIC7FAY0yWapOBQVsVrDl58W86//e1VpMNBtRV4MaXfdMySFA==",
      "license": "Apache-2.0",
      "optional": true,
      "dependencies": {
        "tslib": "^2.1.0"
      }
    },
    "node_modules/sdp": {
      "version": "3.2.2",
      "resolved": "https://registry.npmjs.org/sdp/-/sdp-3.2.2.tgz",
      "integrity": "sha512-xZocWwfyp4hkbN4hLWxMjmv2Q8aNa9MhmOZ7L9aCZPT+dZsgRr6wZRrSYE3HTdyk/2pZKPSgqI7ns7Een1xMSA==",
      "license": "MIT"
    },
    "node_modules/sdp-transform": {
      "version": "2.15.0",
      "resolved": "https://registry.npmjs.org/sdp-transform/-/sdp-transform-2.15.0.tgz",
      "integrity": "sha512-KrOH82c/W+GYQ0LHqtr3caRpM3ITglq3ljGUIb8LTki7ByacJZ9z+piSGiwZDsRyhQbYBOBJgr2k6X4BZXi3Kw==",
      "license": "MIT",
      "bin": {
        "sdp-verify": "checker.js"
      }
    },
    "node_modules/tailwindcss": {
      "resolved": "../node_modules/.pnpm/tailwindcss@3.4.19_tsx@4.23.1/node_modules/tailwindcss",
      "link": true
    },
    "node_modules/tslib": {
      "version": "2.8.1",
      "resolved": "https://registry.npmjs.org/tslib/-/tslib-2.8.1.tgz",
      "integrity": "sha512-oJFu94HQb+KVduSUQL7wnpmqnfmLsOA/nAh6b6EH0wCEoK0/mPeXU6c3wKDV83MkOuHPRHtSXKKU99IBazS/2w==",
      "license": "0BSD"
    },
    "node_modules/typed-emitter": {
      "version": "2.1.0",
      "resolved": "https://registry.npmjs.org/typed-emitter/-/typed-emitter-2.1.0.tgz",
      "integrity": "sha512-g/KzbYKbH5C2vPkaXGu8DJlHrGKHLsM25Zg9WuC9pMGfuvT+X25tZQWo5fK1BjBm8+UrVE9LDCvaY0CQk+fXDA==",
      "license": "MIT",
      "optionalDependencies": {
        "rxjs": "*"
      }
    },
    "node_modules/typescript": {
      "resolved": "../node_modules/.pnpm/typescript@5.9.3/node_modules/typescript",
      "link": true
    },
    "node_modules/vite": {
      "resolved": "../node_modules/.pnpm/vite@6.4.3_@types+node@22.20.1_jiti@1.21.7_tsx@4.23.1/node_modules/vite",
      "link": true
    },
    "node_modules/webrtc-adapter": {
      "version": "9.0.6",
      "resolved": "https://registry.npmjs.org/webrtc-adapter/-/webrtc-adapter-9.0.6.tgz",
      "integrity": "sha512-CHbl2ZQbxx164IgWRgzJno4hWtM4tFbRam1QfI3Yxhs3w/DvqluVxVWeXs3oL5/fbGkSNLKo0Ty5MgUWceNhog==",
      "license": "BSD-3-Clause",
      "dependencies": {
        "sdp": "^3.2.0"
      },
      "engines": {
        "node": ">=6.0.0",
        "npm": ">=3.10.0"
      }
    }
  }
}
